# Generated by move; do not edit
# This file should be checked in.

[move]
version = 4

[pinned.testnet.EVE]
source = { local = '..\EveCoinTypeStub' }
use_environment = "testnet"
manifest_digest = "0532D72C4F42A4472D331C54E2F8FB1595A305815D58568D26C6F8A4AC9BBFCE"
deps = { Sui = "Sui" }

[pinned.testnet.MoveStdlib]
source = { git = "https://github.com/MystenLabs/sui.git", subdir = 'crates\sui-framework\packages\move-stdlib', rev = "ff1fe0ec455153707136cffd0dc77dfb77ba9ad5" }
use_environment = "testnet"
manifest_digest = "C4FE4C91DE74CBF223B2E380AE40F592177D21870DC2D7EB6227D2D694E05363"
deps = {}

[pinned.testnet.Sui]
source = { git = "https://github.com/MystenLabs/sui.git", subdir = 'crates\sui-framework\packages\sui-framework', rev = "ff1fe0ec455153707136cffd0dc77dfb77ba9ad5" }
use_environment = "testnet"
manifest_digest = "7AFB66695545775FBFBB2D3078ADFD084244D5002392E837FDE21D9EA1C6D01C"
deps = { MoveStdlib = "MoveStdlib" }

[pinned.testnet.WorldStub]
source = { local = '..\WorldStub' }
use_environment = "testnet"
manifest_digest = "0532D72C4F42A4472D331C54E2F8FB1595A305815D58568D26C6F8A4AC9BBFCE"
deps = { Sui = "Sui" }

[pinned.testnet.bazaar_core]
source = { local = '..\BazaarCore' }
use_environment = "testnet"
manifest_digest = "76F1B2EB05F8A1616872F5E2CB130D6FA9133FECEBDD19E0AB0A8EFB131DC5CE"
deps = { EVE = "EVE", Sui = "Sui", WorldStub = "WorldStub", dapp_hub = "dapp_hub", shared_widgets = "shared_widgets" }

[pinned.testnet.bazaar_economy]
source = { root = true }
use_environment = "testnet"
manifest_digest = "1B7A59A69A248EE60EA38A4E2B5303CBAA233F0C365CE64169DF81268F24A778"
deps = { EVE = "EVE", Sui = "Sui", bazaar_core = "bazaar_core", bazaar_mission = "bazaar_mission", dapp_hub = "dapp_hub", shared_widgets = "shared_widgets" }

[pinned.testnet.bazaar_mission]
source = { local = '..\BazaarMission' }
use_environment = "testnet"
manifest_digest = "F19BCAAB68DB0119C29E93C2B39BC648BB5BDFC50FE7FC1B0E003A4875CAC91B"
deps = { EVE = "EVE", Sui = "Sui", WorldStub = "WorldStub", bazaar_core = "bazaar_core", dapp_hub = "dapp_hub", shared_widgets = "shared_widgets" }

[pinned.testnet.dapp_hub]
source = { local = '..\DappHub' }
use_environment = "testnet"
manifest_digest = "270F928C860790C417F608D1571C83F555ABA1099CF06B2AA158298BB2F73A1F"
deps = { EVE = "EVE", Sui = "Sui", WorldStub = "WorldStub" }

[pinned.testnet.shared_widgets]
source = { local = '..\SharedWidgets' }
use_environment = "testnet"
manifest_digest = "E943A8D56BB24C8E529D02D6D9306E941967AA37C6D28861564F549951D53F42"
deps = { EVE = "EVE", Sui = "Sui" }
